
Microsoft Visual Studio Solution File, Format Version 12.00
# Visual Studio Version 17
VisualStudioVersion = 17.0.32014.148
MinimumVisualStudioVersion = 10.0.40219.1
Project("{FAE04EC0-301F-11D3-BF4B-00C04F79EFBC}") = "EmployeeDB", "EmployeeDB\EmployeeDB.csproj", "{B5650B26-A726-4BC0-98BE-FD264ACDE5AF}"
EndProject
Project("{FAE04EC0-301F-11D3-BF4B-00C04F79EFBC}") = "BarChart", "BarChart\BarChart.csproj", "{8C9810F6-C0FE-45ED-B9BF-09ADA1AA2B16}"
EndProject
Project("{FAE04EC0-301F-11D3-BF4B-00C04F79EFBC}") = "GuessTheNumber", "GuessTheNumber\GuessTheNumber.csproj", "{BC45C559-7C77-4BA7-B505-4BB052E60BA2}"
EndProject
Project("{FAE04EC0-301F-11D3-BF4B-00C04F79EFBC}") = "AITeacher", "AITeacher\AITeacher.csproj", "{5A79E3DA-9FC4-4CE0-92B7-65922EF2EEA9}"
EndProject
Global
	GlobalSection(SolutionConfigurationPlatforms) = preSolution
		Debug|Any CPU = Debug|Any CPU
		Release|Any CPU = Release|Any CPU
	EndGlobalSection
	GlobalSection(ProjectConfigurationPlatforms) = postSolution
		{B5650B26-A726-4BC0-98BE-FD264ACDE5AF}.Debug|Any CPU.ActiveCfg = Debug|Any CPU
		{B5650B26-A726-4BC0-98BE-FD264ACDE5AF}.Debug|Any CPU.Build.0 = Debug|Any CPU
		{B5650B26-A726-4BC0-98BE-FD264ACDE5AF}.Release|Any CPU.ActiveCfg = Release|Any CPU
		{B5650B26-A726-4BC0-98BE-FD264ACDE5AF}.Release|Any CPU.Build.0 = Release|Any CPU
		{8C9810F6-C0FE-45ED-B9BF-09ADA1AA2B16}.Debug|Any CPU.ActiveCfg = Debug|Any CPU
		{8C9810F6-C0FE-45ED-B9BF-09ADA1AA2B16}.Debug|Any CPU.Build.0 = Debug|Any CPU
		{8C9810F6-C0FE-45ED-B9BF-09ADA1AA2B16}.Release|Any CPU.ActiveCfg = Release|Any CPU
		{8C9810F6-C0FE-45ED-B9BF-09ADA1AA2B16}.Release|Any CPU.Build.0 = Release|Any CPU
		{BC45C559-7C77-4BA7-B505-4BB052E60BA2}.Debug|Any CPU.ActiveCfg = Debug|Any CPU
		{BC45C559-7C77-4BA7-B505-4BB052E60BA2}.Debug|Any CPU.Build.0 = Debug|Any CPU
		{BC45C559-7C77-4BA7-B505-4BB052E60BA2}.Release|Any CPU.ActiveCfg = Release|Any CPU
		{BC45C559-7C77-4BA7-B505-4BB052E60BA2}.Release|Any CPU.Build.0 = Release|Any CPU
		{5A79E3DA-9FC4-4CE0-92B7-65922EF2EEA9}.Debug|Any CPU.ActiveCfg = Debug|Any CPU
		{5A79E3DA-9FC4-4CE0-92B7-65922EF2EEA9}.Debug|Any CPU.Build.0 = Debug|Any CPU
		{5A79E3DA-9FC4-4CE0-92B7-65922EF2EEA9}.Release|Any CPU.ActiveCfg = Release|Any CPU
		{5A79E3DA-9FC4-4CE0-92B7-65922EF2EEA9}.Release|Any CPU.Build.0 = Release|Any CPU
	EndGlobalSection
	GlobalSection(SolutionProperties) = preSolution
		HideSolutionNode = FALSE
	EndGlobalSection
	GlobalSection(ExtensibilityGlobals) = postSolution
		SolutionGuid = {A523514C-43FC-4F1F-954F-99E7A42FCB66}
	EndGlobalSection
EndGlobal
